{
  "name": "ngx-country-phone-number",
  "version": "0.0.1",
  "lockfileVersion": 1,
  "requires": true,
  "dependencies": {
    "ngx-mask": {
      "version": "8.1.7",
      "resolved": "https://registry.npmjs.org/ngx-mask/-/ngx-mask-8.1.7.tgz",
      "integrity": "sha512-hCBH416Lf1DNu/lnMrlpaC3an69RPfp8m36O19+Rz3/rdH8ndHkVAbcGvSyOffh74Ri7Zs+qeUzsFpFq2A5CWQ==",
      "requires": {
        "tslib": "^1.9.0"
      }
    },
    "tslib": {
      "version": "1.10.0",
      "resolved": "https://registry.npmjs.org/tslib/-/tslib-1.10.0.tgz",
      "integrity": "sha512-qOebF53frne81cf0S9B41ByenJ3/IuH8yJKngAX35CmiZySA0khhkovshKK+jGCaMnVomla7gVlIcc3EvKPbTQ=="
    }
  }
}
